github.com/magefile/mage v1.15.0 h1:BvGheCMAsG3bWUDbZ8AyXXpCNwU9u5CB6sM+HNb9HYg=
github.com/magefile/mage v1.15.0/go.mod h1:z5UZb/iS3GoOSn0JgWuiw7dxlurVYTu+/jHXqQg881A=
github.com/mlctrez/cmdrunner v1.2.0 h1:9fjTpnhABC5jermRNuyQD50on6idCkPALnilDIApduM=
github.com/mlctrez/cmdrunner v1.2.0/go.mod h1:mQS5HhwLRAVdHZk8Wt6U2+i8EOGY91Pi9eoayOesMyI=
